
Microsoft Visual Studio Solution File, Format Version 12.00
# Visual Studio Version 16
VisualStudioVersion = 16.0.31229.75
MinimumVisualStudioVersion = 10.0.40219.1
Project("{9A19103F-16F7-4668-BE54-9A1E7A4F7556}") = "zgcwkj.Util", "zgcwkj.Util\zgcwkj.Util.csproj", "{141330BD-D437-4184-BEF6-6D7FBCA6F60E}"
EndProject
Project("{9A19103F-16F7-4668-BE54-9A1E7A4F7556}") = "zgcwkj.Model", "zgcwkj.Model\zgcwkj.Model.csproj", "{F9218465-C519-4315-91F1-E272E77182D2}"
EndProject
Project("{FAE04EC0-301F-11D3-BF4B-00C04F79EFBC}") = "zgcwkj.Web", "zgcwkj.Web\zgcwkj.Web.csproj", "{241531BF-0E2B-4A35-B03C-4C88BC2CE778}"
EndProject
Project("{FAE04EC0-301F-11D3-BF4B-00C04F79EFBC}") = "zgcwkj.Demo", "zgcwkj.Demo\zgcwkj.Demo.csproj", "{66B044D3-440E-441D-802E-4E75EE9B0310}"
EndProject
Global
	GlobalSection(SolutionConfigurationPlatforms) = preSolution
		Debug|Any CPU = Debug|Any CPU
		Release|Any CPU = Release|Any CPU
	EndGlobalSection
	GlobalSection(ProjectConfigurationPlatforms) = postSolution
		{141330BD-D437-4184-BEF6-6D7FBCA6F60E}.Debug|Any CPU.ActiveCfg = Debug|Any CPU
		{141330BD-D437-4184-BEF6-6D7FBCA6F60E}.Debug|Any CPU.Build.0 = Debug|Any CPU
		{141330BD-D437-4184-BEF6-6D7FBCA6F60E}.Release|Any CPU.ActiveCfg = Release|Any CPU
		{141330BD-D437-4184-BEF6-6D7FBCA6F60E}.Release|Any CPU.Build.0 = Release|Any CPU
		{F9218465-C519-4315-91F1-E272E77182D2}.Debug|Any CPU.ActiveCfg = Debug|Any CPU
		{F9218465-C519-4315-91F1-E272E77182D2}.Debug|Any CPU.Build.0 = Debug|Any CPU
		{F9218465-C519-4315-91F1-E272E77182D2}.Release|Any CPU.ActiveCfg = Release|Any CPU
		{F9218465-C519-4315-91F1-E272E77182D2}.Release|Any CPU.Build.0 = Release|Any CPU
		{241531BF-0E2B-4A35-B03C-4C88BC2CE778}.Debug|Any CPU.ActiveCfg = Debug|Any CPU
		{241531BF-0E2B-4A35-B03C-4C88BC2CE778}.Debug|Any CPU.Build.0 = Debug|Any CPU
		{241531BF-0E2B-4A35-B03C-4C88BC2CE778}.Release|Any CPU.ActiveCfg = Release|Any CPU
		{241531BF-0E2B-4A35-B03C-4C88BC2CE778}.Release|Any CPU.Build.0 = Release|Any CPU
		{66B044D3-440E-441D-802E-4E75EE9B0310}.Debug|Any CPU.ActiveCfg = Debug|Any CPU
		{66B044D3-440E-441D-802E-4E75EE9B0310}.Debug|Any CPU.Build.0 = Debug|Any CPU
		{66B044D3-440E-441D-802E-4E75EE9B0310}.Release|Any CPU.ActiveCfg = Release|Any CPU
		{66B044D3-440E-441D-802E-4E75EE9B0310}.Release|Any CPU.Build.0 = Release|Any CPU
	EndGlobalSection
	GlobalSection(SolutionProperties) = preSolution
		HideSolutionNode = FALSE
	EndGlobalSection
	GlobalSection(ExtensibilityGlobals) = postSolution
		SolutionGuid = {161D8DDF-BDF9-48C4-90B4-E89EA6CCAEED}
	EndGlobalSection
EndGlobal

